<Solution>
  <Folder Name="/src/">
    <Project Path="src/ArunVastra.Api/ArunVastra.Api.csproj" />
    <Project Path="src/ArunVastra.Application/ArunVastra.Application.csproj" />
    <Project Path="src/ArunVastra.Domain/ArunVastra.Domain.csproj" />
    <Project Path="src/ArunVastra.Infrastructure/ArunVastra.Infrastructure.csproj" />
  </Folder>
  <Folder Name="/tests/">
    <Project Path="tests/ArunVastra.Application.Tests/ArunVastra.Application.Tests.csproj" />
  </Folder>
</Solution>
